// !$*UTF8*$!
{
	archiveVersion = 1;
	classes = {
	};
	objectVersion = 55;
	objects = {

/* Begin PBXBuildFile section */
		31290EE02A49BA5200459913 /* CompassView.swift in Sources */ = {isa = PBXBuildFile; fileRef = B6D0516E287F0564007A4CD0 /* CompassView.swift */; };
		31290EE22A49BDB600459913 /* TileCache.swift in Sources */ = {isa = PBXBuildFile; fileRef = 31290EE12A49BDB600459913 /* TileCache.swift */; };
		31290EE32A49BDB600459913 /* TileCache.swift in Sources */ = {isa = PBXBuildFile; fileRef = 31290EE12A49BDB600459913 /* TileCache.swift */; };
		B623225B28823B4100AFE1A3 /* GeocacheIcons.swift in Sources */ = {isa = PBXBuildFile; fileRef = B623225A28823B4100AFE1A3 /* GeocacheIcons.swift */; };
		B623225C28823B4100AFE1A3 /* GeocacheIcons.swift in Sources */ = {isa = PBXBuildFile; fileRef = B623225A28823B4100AFE1A3 /* GeocacheIcons.swift */; };
		B623225E288434AB00AFE1A3 /* MainView.swift in Sources */ = {isa = PBXBuildFile; fileRef = B623225D288434AB00AFE1A3 /* MainView.swift */; };
		B623225F288434AB00AFE1A3 /* MainView.swift in Sources */ = {isa = PBXBuildFile; fileRef = B623225D288434AB00AFE1A3 /* MainView.swift */; };
		B62983E52889E29800007D3B /* LogView.swift in Sources */ = {isa = PBXBuildFile; fileRef = B62983E32889E29800007D3B /* LogView.swift */; };
		B62983E62889EBC400007D3B /* LogView.swift in Sources */ = {isa = PBXBuildFile; fileRef = B62983E32889E29800007D3B /* LogView.swift */; };
		B62C778E2892CBE300739E16 /* MapView3.swift in Sources */ = {isa = PBXBuildFile; fileRef = B62C778D2892CBE300739E16 /* MapView3.swift */; };
		B62C778F2892CBE300739E16 /* MapView3.swift in Sources */ = {isa = PBXBuildFile; fileRef = B62C778D2892CBE300739E16 /* MapView3.swift */; };
		B643F5D72891E7BF005DABFD /* MapView.swift in Sources */ = {isa = PBXBuildFile; fileRef = B672C4402891CA6800D762BD /* MapView.swift */; };
		B643F5D82891EA4A005DABFD /* MapView.swift in Sources */ = {isa = PBXBuildFile; fileRef = B672C4402891CA6800D762BD /* MapView.swift */; };
		B652788A2880DEFD000770C4 /* GeocachingCom.swift in Sources */ = {isa = PBXBuildFile; fileRef = B65278892880DEFD000770C4 /* GeocachingCom.swift */; };
		B652788B2880DEFD000770C4 /* GeocachingCom.swift in Sources */ = {isa = PBXBuildFile; fileRef = B65278892880DEFD000770C4 /* GeocachingCom.swift */; };
		B65278902880E479000770C4 /* TestGeocachingData.json in Resources */ = {isa = PBXBuildFile; fileRef = B652788F2880E479000770C4 /* TestGeocachingData.json */; };
		B65278912880E479000770C4 /* TestGeocachingData.json in Resources */ = {isa = PBXBuildFile; fileRef = B652788F2880E479000770C4 /* TestGeocachingData.json */; };
		B65278932880E979000770C4 /* GeocachingJSON.swift in Sources */ = {isa = PBXBuildFile; fileRef = B65278922880E979000770C4 /* GeocachingJSON.swift */; };
		B65278942880E979000770C4 /* GeocachingJSON.swift in Sources */ = {isa = PBXBuildFile; fileRef = B65278922880E979000770C4 /* GeocachingJSON.swift */; };
		B65278962880F3B9000770C4 /* GeocacheView.swift in Sources */ = {isa = PBXBuildFile; fileRef = B65278952880F3B9000770C4 /* GeocacheView.swift */; };
		B65278972880F3B9000770C4 /* GeocacheView.swift in Sources */ = {isa = PBXBuildFile; fileRef = B65278952880F3B9000770C4 /* GeocacheView.swift */; };
		B65278992880F5D4000770C4 /* Assets.xcassets in Resources */ = {isa = PBXBuildFile; fileRef = B65278982880F5D4000770C4 /* Assets.xcassets */; };
		B652789A2880F5D4000770C4 /* Assets.xcassets in Resources */ = {isa = PBXBuildFile; fileRef = B65278982880F5D4000770C4 /* Assets.xcassets */; };
		B652789C28818CFE000770C4 /* GeocacheListView.swift in Sources */ = {isa = PBXBuildFile; fileRef = B652789B28818CFE000770C4 /* GeocacheListView.swift */; };
		B652789D28818CFE000770C4 /* GeocacheListView.swift in Sources */ = {isa = PBXBuildFile; fileRef = B652789B28818CFE000770C4 /* GeocacheListView.swift */; };
		B65278A028818F46000770C4 /* SignInView.swift in Sources */ = {isa = PBXBuildFile; fileRef = B652789F28818F46000770C4 /* SignInView.swift */; };
		B65278A128818F46000770C4 /* SignInView.swift in Sources */ = {isa = PBXBuildFile; fileRef = B652789F28818F46000770C4 /* SignInView.swift */; };
		B672C4442891CB3500D762BD /* MapUtils.swift in Sources */ = {isa = PBXBuildFile; fileRef = B672C4432891CB3500D762BD /* MapUtils.swift */; };
		B672C4452891CB3500D762BD /* MapUtils.swift in Sources */ = {isa = PBXBuildFile; fileRef = B672C4432891CB3500D762BD /* MapUtils.swift */; };
		B68DEFFA2884395C00C1EA12 /* GeocacheMapView.swift in Sources */ = {isa = PBXBuildFile; fileRef = B68DEFF92884395C00C1EA12 /* GeocacheMapView.swift */; };
		B68DEFFB2884395C00C1EA12 /* GeocacheMapView.swift in Sources */ = {isa = PBXBuildFile; fileRef = B68DEFF92884395C00C1EA12 /* GeocacheMapView.swift */; };
		B68DEFFE2884A07A00C1EA12 /* GeocacheDetailView.swift in Sources */ = {isa = PBXBuildFile; fileRef = B68DEFFC2884A07A00C1EA12 /* GeocacheDetailView.swift */; };
		B68DF0002886E79000C1EA12 /* Icons.swift in Sources */ = {isa = PBXBuildFile; fileRef = B68DEFFF2886E79000C1EA12 /* Icons.swift */; };
		B68DF0012886E79000C1EA12 /* Icons.swift in Sources */ = {isa = PBXBuildFile; fileRef = B68DEFFF2886E79000C1EA12 /* Icons.swift */; };
		B68DF003288712D500C1EA12 /* GeocacheDetailView.swift in Sources */ = {isa = PBXBuildFile; fileRef = B68DEFFC2884A07A00C1EA12 /* GeocacheDetailView.swift */; };
		B68DF0062887138E00C1EA12 /* PreviewViewWatch.swift in Sources */ = {isa = PBXBuildFile; fileRef = B68DF0042887138E00C1EA12 /* PreviewViewWatch.swift */; };
		B68DF008288713EA00C1EA12 /* PreviewView.swift in Sources */ = {isa = PBXBuildFile; fileRef = B68DF007288713EA00C1EA12 /* PreviewView.swift */; };
		B69461F82893206E000B00B4 /* GeocacheMapView2.swift in Sources */ = {isa = PBXBuildFile; fileRef = B69461F72893206E000B00B4 /* GeocacheMapView2.swift */; };
		B69461F92893206E000B00B4 /* GeocacheMapView2.swift in Sources */ = {isa = PBXBuildFile; fileRef = B69461F72893206E000B00B4 /* GeocacheMapView2.swift */; };
		B6D05133287EFC2D007A4CD0 /* WatchyGPSApp.swift in Sources */ = {isa = PBXBuildFile; fileRef = B6D05132287EFC2D007A4CD0 /* WatchyGPSApp.swift */; };
		B6D05135287EFC2D007A4CD0 /* ContentView.swift in Sources */ = {isa = PBXBuildFile; fileRef = B6D05134287EFC2D007A4CD0 /* ContentView.swift */; };
		B6D05137287EFC2F007A4CD0 /* Assets.xcassets in Resources */ = {isa = PBXBuildFile; fileRef = B6D05136287EFC2F007A4CD0 /* Assets.xcassets */; };
		B6D0513A287EFC2F007A4CD0 /* Preview Assets.xcassets in Resources */ = {isa = PBXBuildFile; fileRef = B6D05139287EFC2F007A4CD0 /* Preview Assets.xcassets */; };
		B6D0513E287EFC2F007A4CD0 /* WatchyGPS WatchKit App.app in Embed Watch Content */ = {isa = PBXBuildFile; fileRef = B6D0513D287EFC2F007A4CD0 /* WatchyGPS WatchKit App.app */; settings = {ATTRIBUTES = (RemoveHeadersOnCopy, ); }; };
		B6D05143287EFC2F007A4CD0 /* Assets.xcassets in Resources */ = {isa = PBXBuildFile; fileRef = B6D05142287EFC2F007A4CD0 /* Assets.xcassets */; };
		B6D05149287EFC30007A4CD0 /* WatchyGPS WatchKit Extension.appex in Embed App Extensions */ = {isa = PBXBuildFile; fileRef = B6D05148287EFC30007A4CD0 /* WatchyGPS WatchKit Extension.appex */; settings = {ATTRIBUTES = (RemoveHeadersOnCopy, ); }; };
		B6D0514E287EFC30007A4CD0 /* WatchyGPSApp.swift in Sources */ = {isa = PBXBuildFile; fileRef = B6D0514D287EFC30007A4CD0 /* WatchyGPSApp.swift */; };
		B6D05150287EFC30007A4CD0 /* ContentView.swift in Sources */ = {isa = PBXBuildFile; fileRef = B6D0514F287EFC30007A4CD0 /* ContentView.swift */; };
		B6D05152287EFC30007A4CD0 /* NotificationController.swift in Sources */ = {isa = PBXBuildFile; fileRef = B6D05151287EFC30007A4CD0 /* NotificationController.swift */; };
		B6D05154287EFC30007A4CD0 /* NotificationView.swift in Sources */ = {isa = PBXBuildFile; fileRef = B6D05153287EFC30007A4CD0 /* NotificationView.swift */; };
		B6D05156287EFC30007A4CD0 /* ComplicationController.swift in Sources */ = {isa = PBXBuildFile; fileRef = B6D05155287EFC30007A4CD0 /* ComplicationController.swift */; };
		B6D05158287EFC30007A4CD0 /* Assets.xcassets in Resources */ = {isa = PBXBuildFile; fileRef = B6D05157287EFC30007A4CD0 /* Assets.xcassets */; };
		B6D0515B287EFC30007A4CD0 /* Preview Assets.xcassets in Resources */ = {isa = PBXBuildFile; fileRef = B6D0515A287EFC30007A4CD0 /* Preview Assets.xcassets */; };
		B6D0516D287EFCC6007A4CD0 /* Utilities.swift in Sources */ = {isa = PBXBuildFile; fileRef = B6D0516C287EFCC6007A4CD0 /* Utilities.swift */; };
		B6D05170287F056D007A4CD0 /* Utilities.swift in Sources */ = {isa = PBXBuildFile; fileRef = B6D0516C287EFCC6007A4CD0 /* Utilities.swift */; };
		B6D05171287F056F007A4CD0 /* CompassView.swift in Sources */ = {isa = PBXBuildFile; fileRef = B6D0516E287F0564007A4CD0 /* CompassView.swift */; };
		B6D05173287F1B00007A4CD0 /* LocationDelegate.swift in Sources */ = {isa = PBXBuildFile; fileRef = B6D05172287F1B00007A4CD0 /* LocationDelegate.swift */; };
		B6D05174287F1B00007A4CD0 /* LocationDelegate.swift in Sources */ = {isa = PBXBuildFile; fileRef = B6D05172287F1B00007A4CD0 /* LocationDelegate.swift */; };
/* End PBXBuildFile section */

/* Begin PBXContainerItemProxy section */
		B6D0513F287EFC2F007A4CD0 /* PBXContainerItemProxy */ = {
			isa = PBXContainerItemProxy;
			containerPortal = B6D05127287EFC2D007A4CD0 /* Project object */;
			proxyType = 1;
			remoteGlobalIDString = B6D0513C287EFC2F007A4CD0;
			remoteInfo = "WatchyGPS WatchKit App";
		};
		B6D0514A287EFC30007A4CD0 /* PBXContainerItemProxy */ = {
			isa = PBXContainerItemProxy;
			containerPortal = B6D05127287EFC2D007A4CD0 /* Project object */;
			proxyType = 1;
			remoteGlobalIDString = B6D05147287EFC30007A4CD0;
			remoteInfo = "WatchyGPS WatchKit Extension";
		};
/* End PBXContainerItemProxy section */

/* Begin PBXCopyFilesBuildPhase section */
		B6D05163287EFC30007A4CD0 /* Embed App Extensions */ = {
			isa = PBXCopyFilesBuildPhase;
			buildActionMask = 2147483647;
			dstPath = "";
			dstSubfolderSpec = 13;
			files = (
				B6D05149287EFC30007A4CD0 /* WatchyGPS WatchKit Extension.appex in Embed App Extensions */,
			);
			name = "Embed App Extensions";
			runOnlyForDeploymentPostprocessing = 0;
		};
		B6D05167287EFC30007A4CD0 /* Embed Watch Content */ = {
			isa = PBXCopyFilesBuildPhase;
			buildActionMask = 2147483647;
			dstPath = "$(CONTENTS_FOLDER_PATH)/Watch";
			dstSubfolderSpec = 16;
			files = (
				B6D0513E287EFC2F007A4CD0 /* WatchyGPS WatchKit App.app in Embed Watch Content */,
			);
			name = "Embed Watch Content";
			runOnlyForDeploymentPostprocessing = 0;
		};
/* End PBXCopyFilesBuildPhase section */

/* Begin PBXFileReference section */
		31290EE12A49BDB600459913 /* TileCache.swift */ = {isa = PBXFileReference; lastKnownFileType = sourcecode.swift; path = TileCache.swift; sourceTree = "<group>"; };
		B600ED512889AF5300D41790 /* libswift_Concurrency.tbd */ = {isa = PBXFileReference; lastKnownFileType = "sourcecode.text-based-dylib-definition"; name = libswift_Concurrency.tbd; path = Platforms/iPhoneOS.platform/Developer/SDKs/iPhoneOS15.5.sdk/usr/lib/swift/libswift_Concurrency.tbd; sourceTree = DEVELOPER_DIR; };
		B600ED532889AF8C00D41790 /* libswiftFoundation.tbd */ = {isa = PBXFileReference; lastKnownFileType = "sourcecode.text-based-dylib-definition"; name = libswiftFoundation.tbd; path = Platforms/iPhoneOS.platform/Developer/SDKs/iPhoneOS15.5.sdk/usr/lib/swift/libswiftFoundation.tbd; sourceTree = DEVELOPER_DIR; };
		B623225A28823B4100AFE1A3 /* GeocacheIcons.swift */ = {isa = PBXFileReference; lastKnownFileType = sourcecode.swift; path = GeocacheIcons.swift; sourceTree = "<group>"; };
		B623225D288434AB00AFE1A3 /* MainView.swift */ = {isa = PBXFileReference; lastKnownFileType = sourcecode.swift; path = MainView.swift; sourceTree = "<group>"; };
		B62983E32889E29800007D3B /* LogView.swift */ = {isa = PBXFileReference; lastKnownFileType = sourcecode.swift; path = LogView.swift; sourceTree = "<group>"; };
		B62C778D2892CBE300739E16 /* MapView3.swift */ = {isa = PBXFileReference; indentWidth = 5; lastKnownFileType = sourcecode.swift; path = MapView3.swift; sourceTree = "<group>"; };
		B643F5D92891F9D0005DABFD /* MapView2.swift */ = {isa = PBXFileReference; lastKnownFileType = sourcecode.swift; path = MapView2.swift; sourceTree = "<group>"; };
		B65278892880DEFD000770C4 /* GeocachingCom.swift */ = {isa = PBXFileReference; lastKnownFileType = sourcecode.swift; path = GeocachingCom.swift; sourceTree = "<group>"; };
		B652788F2880E479000770C4 /* TestGeocachingData.json */ = {isa = PBXFileReference; fileEncoding = 4; lastKnownFileType = text.json; path = TestGeocachingData.json; sourceTree = "<group>"; };
		B65278922880E979000770C4 /* GeocachingJSON.swift */ = {isa = PBXFileReference; lastKnownFileType = sourcecode.swift; path = GeocachingJSON.swift; sourceTree = "<group>"; };
		B65278952880F3B9000770C4 /* GeocacheView.swift */ = {isa = PBXFileReference; lastKnownFileType = sourcecode.swift; path = GeocacheView.swift; sourceTree = "<group>"; };
		B65278982880F5D4000770C4 /* Assets.xcassets */ = {isa = PBXFileReference; lastKnownFileType = folder.assetcatalog; path = Assets.xcassets; sourceTree = "<group>"; };
		B652789B28818CFE000770C4 /* GeocacheListView.swift */ = {isa = PBXFileReference; lastKnownFileType = sourcecode.swift; path = GeocacheListView.swift; sourceTree = "<group>"; };
		B652789F28818F46000770C4 /* SignInView.swift */ = {isa = PBXFileReference; lastKnownFileType = sourcecode.swift; path = SignInView.swift; sourceTree = "<group>"; };
		B672C4402891CA6800D762BD /* MapView.swift */ = {isa = PBXFileReference; lastKnownFileType = sourcecode.swift; path = MapView.swift; sourceTree = "<group>"; };
		B672C4432891CB3500D762BD /* MapUtils.swift */ = {isa = PBXFileReference; lastKnownFileType = sourcecode.swift; path = MapUtils.swift; sourceTree = "<group>"; };
		B68DEFF92884395C00C1EA12 /* GeocacheMapView.swift */ = {isa = PBXFileReference; lastKnownFileType = sourcecode.swift; path = GeocacheMapView.swift; sourceTree = "<group>"; };
		B68DEFFC2884A07A00C1EA12 /* GeocacheDetailView.swift */ = {isa = PBXFileReference; lastKnownFileType = sourcecode.swift; path = GeocacheDetailView.swift; sourceTree = "<group>"; };
		B68DEFFF2886E79000C1EA12 /* Icons.swift */ = {isa = PBXFileReference; lastKnownFileType = sourcecode.swift; path = Icons.swift; sourceTree = "<group>"; };
		B68DF0042887138E00C1EA12 /* PreviewViewWatch.swift */ = {isa = PBXFileReference; lastKnownFileType = sourcecode.swift; path = PreviewViewWatch.swift; sourceTree = "<group>"; };
		B68DF007288713EA00C1EA12 /* PreviewView.swift */ = {isa = PBXFileReference; lastKnownFileType = sourcecode.swift; path = PreviewView.swift; sourceTree = "<group>"; };
		B69461F72893206E000B00B4 /* GeocacheMapView2.swift */ = {isa = PBXFileReference; lastKnownFileType = sourcecode.swift; path = GeocacheMapView2.swift; sourceTree = "<group>"; };
		B6D0512F287EFC2D007A4CD0 /* WatchyGPS.app */ = {isa = PBXFileReference; explicitFileType = wrapper.application; includeInIndex = 0; path = WatchyGPS.app; sourceTree = BUILT_PRODUCTS_DIR; };
		B6D05132287EFC2D007A4CD0 /* WatchyGPSApp.swift */ = {isa = PBXFileReference; lastKnownFileType = sourcecode.swift; path = WatchyGPSApp.swift; sourceTree = "<group>"; };
		B6D05134287EFC2D007A4CD0 /* ContentView.swift */ = {isa = PBXFileReference; lastKnownFileType = sourcecode.swift; path = ContentView.swift; sourceTree = "<group>"; };
		B6D05136287EFC2F007A4CD0 /* Assets.xcassets */ = {isa = PBXFileReference; lastKnownFileType = folder.assetcatalog; path = Assets.xcassets; sourceTree = "<group>"; };
		B6D05139287EFC2F007A4CD0 /* Preview Assets.xcassets */ = {isa = PBXFileReference; lastKnownFileType = folder.assetcatalog; path = "Preview Assets.xcassets"; sourceTree = "<group>"; };
		B6D0513D287EFC2F007A4CD0 /* WatchyGPS WatchKit App.app */ = {isa = PBXFileReference; explicitFileType = wrapper.application; includeInIndex = 0; path = "WatchyGPS WatchKit App.app"; sourceTree = BUILT_PRODUCTS_DIR; };
		B6D05142287EFC2F007A4CD0 /* Assets.xcassets */ = {isa = PBXFileReference; lastKnownFileType = folder.assetcatalog; path = Assets.xcassets; sourceTree = "<group>"; };
		B6D05148287EFC30007A4CD0 /* WatchyGPS WatchKit Extension.appex */ = {isa = PBXFileReference; explicitFileType = "wrapper.app-extension"; includeInIndex = 0; path = "WatchyGPS WatchKit Extension.appex"; sourceTree = BUILT_PRODUCTS_DIR; };
		B6D0514D287EFC30007A4CD0 /* WatchyGPSApp.swift */ = {isa = PBXFileReference; lastKnownFileType = sourcecode.swift; path = WatchyGPSApp.swift; sourceTree = "<group>"; };
		B6D0514F287EFC30007A4CD0 /* ContentView.swift */ = {isa = PBXFileReference; lastKnownFileType = sourcecode.swift; path = ContentView.swift; sourceTree = "<group>"; };
		B6D05151287EFC30007A4CD0 /* NotificationController.swift */ = {isa = PBXFileReference; lastKnownFileType = sourcecode.swift; path = NotificationController.swift; sourceTree = "<group>"; };
		B6D05153287EFC30007A4CD0 /* NotificationView.swift */ = {isa = PBXFileReference; lastKnownFileType = sourcecode.swift; path = NotificationView.swift; sourceTree = "<group>"; };
		B6D05155287EFC30007A4CD0 /* ComplicationController.swift */ = {isa = PBXFileReference; lastKnownFileType = sourcecode.swift; path = ComplicationController.swift; sourceTree = "<group>"; };
		B6D05157287EFC30007A4CD0 /* Assets.xcassets */ = {isa = PBXFileReference; lastKnownFileType = folder.assetcatalog; path = Assets.xcassets; sourceTree = "<group>"; };
		B6D0515A287EFC30007A4CD0 /* Preview Assets.xcassets */ = {isa = PBXFileReference; lastKnownFileType = folder.assetcatalog; path = "Preview Assets.xcassets"; sourceTree = "<group>"; };
		B6D0515C287EFC30007A4CD0 /* Info.plist */ = {isa = PBXFileReference; lastKnownFileType = text.plist.xml; path = Info.plist; sourceTree = "<group>"; };
		B6D0515D287EFC30007A4CD0 /* PushNotificationPayload.apns */ = {isa = PBXFileReference; lastKnownFileType = text; path = PushNotificationPayload.apns; sourceTree = "<group>"; };
		B6D0516C287EFCC6007A4CD0 /* Utilities.swift */ = {isa = PBXFileReference; lastKnownFileType = sourcecode.swift; path = Utilities.swift; sourceTree = "<group>"; };
		B6D0516E287F0564007A4CD0 /* CompassView.swift */ = {isa = PBXFileReference; lastKnownFileType = sourcecode.swift; path = CompassView.swift; sourceTree = "<group>"; };
		B6D05172287F1B00007A4CD0 /* LocationDelegate.swift */ = {isa = PBXFileReference; lastKnownFileType = sourcecode.swift; path = LocationDelegate.swift; sourceTree = "<group>"; };
		B6DFE80E2895D91200514A12 /* Info.plist */ = {isa = PBXFileReference; lastKnownFileType = text.plist.xml; path = Info.plist; sourceTree = "<group>"; };
		B6DFE8132895DA5900514A12 /* Info.plist */ = {isa = PBXFileReference; lastKnownFileType = text.plist.xml; path = Info.plist; sourceTree = "<group>"; };
/* End PBXFileReference section */

/* Begin PBXFrameworksBuildPhase section */
		B6D0512C287EFC2D007A4CD0 /* Frameworks */ = {
			isa = PBXFrameworksBuildPhase;
			buildActionMask = 2147483647;
			files = (
			);
			runOnlyForDeploymentPostprocessing = 0;
		};
		B6D05145287EFC30007A4CD0 /* Frameworks */ = {
			isa = PBXFrameworksBuildPhase;
			buildActionMask = 2147483647;
			files = (
			);
			runOnlyForDeploymentPostprocessing = 0;
		};
/* End PBXFrameworksBuildPhase section */

/* Begin PBXGroup section */
		B600ED502889AF5300D41790 /* Frameworks */ = {
			isa = PBXGroup;
			children = (
				B600ED532889AF8C00D41790 /* libswiftFoundation.tbd */,
				B600ED512889AF5300D41790 /* libswift_Concurrency.tbd */,
			);
			name = Frameworks;
			sourceTree = "<group>";
		};
		B672C43F2891CA5700D762BD /* MapTiling */ = {
			isa = PBXGroup;
			children = (
				B672C4402891CA6800D762BD /* MapView.swift */,
				B643F5D92891F9D0005DABFD /* MapView2.swift */,
				B62C778D2892CBE300739E16 /* MapView3.swift */,
				B672C4432891CB3500D762BD /* MapUtils.swift */,
				31290EE12A49BDB600459913 /* TileCache.swift */,
			);
			path = MapTiling;
			sourceTree = "<group>";
		};
		B6D05126287EFC2D007A4CD0 = {
			isa = PBXGroup;
			children = (
				B6D0516B287EFCB7007A4CD0 /* Shared */,
				B6D05131287EFC2D007A4CD0 /* WatchyGPS */,
				B6D05141287EFC2F007A4CD0 /* WatchyGPS WatchKit App */,
				B6D0514C287EFC30007A4CD0 /* WatchyGPS WatchKit Extension */,
				B6D05130287EFC2D007A4CD0 /* Products */,
				B600ED502889AF5300D41790 /* Frameworks */,
			);
			sourceTree = "<group>";
		};
		B6D05130287EFC2D007A4CD0 /* Products */ = {
			isa = PBXGroup;
			children = (
				B6D0512F287EFC2D007A4CD0 /* WatchyGPS.app */,
				B6D0513D287EFC2F007A4CD0 /* WatchyGPS WatchKit App.app */,
				B6D05148287EFC30007A4CD0 /* WatchyGPS WatchKit Extension.appex */,
			);
			name = Products;
			sourceTree = "<group>";
		};
		B6D05131287EFC2D007A4CD0 /* WatchyGPS */ = {
			isa = PBXGroup;
			children = (
				B6DFE80E2895D91200514A12 /* Info.plist */,
				B6D05132287EFC2D007A4CD0 /* WatchyGPSApp.swift */,
				B6D05134287EFC2D007A4CD0 /* ContentView.swift */,
				B68DF007288713EA00C1EA12 /* PreviewView.swift */,
				B6D05136287EFC2F007A4CD0 /* Assets.xcassets */,
				B6D05138287EFC2F007A4CD0 /* Preview Content */,
			);
			path = WatchyGPS;
			sourceTree = "<group>";
		};
		B6D05138287EFC2F007A4CD0 /* Preview Content */ = {
			isa = PBXGroup;
			children = (
				B6D05139287EFC2F007A4CD0 /* Preview Assets.xcassets */,
			);
			path = "Preview Content";
			sourceTree = "<group>";
		};
		B6D05141287EFC2F007A4CD0 /* WatchyGPS WatchKit App */ = {
			isa = PBXGroup;
			children = (
				B6D05142287EFC2F007A4CD0 /* Assets.xcassets */,
				B6DFE8132895DA5900514A12 /* Info.plist */,
			);
			path = "WatchyGPS WatchKit App";
			sourceTree = "<group>";
		};
		B6D0514C287EFC30007A4CD0 /* WatchyGPS WatchKit Extension */ = {
			isa = PBXGroup;
			children = (
				B68DF0042887138E00C1EA12 /* PreviewViewWatch.swift */,
				B6D0514D287EFC30007A4CD0 /* WatchyGPSApp.swift */,
				B6D0514F287EFC30007A4CD0 /* ContentView.swift */,
				B6D05151287EFC30007A4CD0 /* NotificationController.swift */,
				B6D05153287EFC30007A4CD0 /* NotificationView.swift */,
				B6D05155287EFC30007A4CD0 /* ComplicationController.swift */,
				B6D05157287EFC30007A4CD0 /* Assets.xcassets */,
				B6D0515C287EFC30007A4CD0 /* Info.plist */,
				B6D0515D287EFC30007A4CD0 /* PushNotificationPayload.apns */,
				B6D05159287EFC30007A4CD0 /* Preview Content */,
			);
			path = "WatchyGPS WatchKit Extension";
			sourceTree = "<group>";
		};
		B6D05159287EFC30007A4CD0 /* Preview Content */ = {
			isa = PBXGroup;
			children = (
				B6D0515A287EFC30007A4CD0 /* Preview Assets.xcassets */,
			);
			path = "Preview Content";
			sourceTree = "<group>";
		};
		B6D0516B287EFCB7007A4CD0 /* Shared */ = {
			isa = PBXGroup;
			children = (
				B672C43F2891CA5700D762BD /* MapTiling */,
				B652788F2880E479000770C4 /* TestGeocachingData.json */,
				B6D0516C287EFCC6007A4CD0 /* Utilities.swift */,
				B6D05172287F1B00007A4CD0 /* LocationDelegate.swift */,
				B65278892880DEFD000770C4 /* GeocachingCom.swift */,
				B65278922880E979000770C4 /* GeocachingJSON.swift */,
				B65278952880F3B9000770C4 /* GeocacheView.swift */,
				B62983E32889E29800007D3B /* LogView.swift */,
				B623225A28823B4100AFE1A3 /* GeocacheIcons.swift */,
				B68DEFFF2886E79000C1EA12 /* Icons.swift */,
				B68DEFFC2884A07A00C1EA12 /* GeocacheDetailView.swift */,
				B652789B28818CFE000770C4 /* GeocacheListView.swift */,
				B68DEFF92884395C00C1EA12 /* GeocacheMapView.swift */,
				B69461F72893206E000B00B4 /* GeocacheMapView2.swift */,
				B623225D288434AB00AFE1A3 /* MainView.swift */,
				B6D0516E287F0564007A4CD0 /* CompassView.swift */,
				B652789F28818F46000770C4 /* SignInView.swift */,
				B65278982880F5D4000770C4 /* Assets.xcassets */,
			);
			path = Shared;
			sourceTree = "<group>";
		};
/* End PBXGroup section */

/* Begin PBXNativeTarget section */
		B6D0512E287EFC2D007A4CD0 /* WatchyGPS */ = {
			isa = PBXNativeTarget;
			buildConfigurationList = B6D05168287EFC30007A4CD0 /* Build configuration list for PBXNativeTarget "WatchyGPS" */;
			buildPhases = (
				B6D0512B287EFC2D007A4CD0 /* Sources */,
				B6D0512C287EFC2D007A4CD0 /* Frameworks */,
				B6D0512D287EFC2D007A4CD0 /* Resources */,
				B6D05167287EFC30007A4CD0 /* Embed Watch Content */,
			);
			buildRules = (
			);
			dependencies = (
				B6D05140287EFC2F007A4CD0 /* PBXTargetDependency */,
			);
			name = WatchyGPS;
			productName = WatchyGPS;
			productReference = B6D0512F287EFC2D007A4CD0 /* WatchyGPS.app */;
			productType = "com.apple.product-type.application";
		};
		B6D0513C287EFC2F007A4CD0 /* WatchyGPS WatchKit App */ = {
			isa = PBXNativeTarget;
			buildConfigurationList = B6D05164287EFC30007A4CD0 /* Build configuration list for PBXNativeTarget "WatchyGPS WatchKit App" */;
			buildPhases = (
				B6D0513B287EFC2F007A4CD0 /* Resources */,
				B6D05163287EFC30007A4CD0 /* Embed App Extensions */,
			);
			buildRules = (
			);
			dependencies = (
				B6D0514B287EFC30007A4CD0 /* PBXTargetDependency */,
			);
			name = "WatchyGPS WatchKit App";
			productName = "WatchyGPS WatchKit App";
			productReference = B6D0513D287EFC2F007A4CD0 /* WatchyGPS WatchKit App.app */;
			productType = "com.apple.product-type.application.watchapp2";
		};
		B6D05147287EFC30007A4CD0 /* WatchyGPS WatchKit Extension */ = {
			isa = PBXNativeTarget;
			buildConfigurationList = B6D05160287EFC30007A4CD0 /* Build configuration list for PBXNativeTarget "WatchyGPS WatchKit Extension" */;
			buildPhases = (
				B6D05144287EFC30007A4CD0 /* Sources */,
				B6D05145287EFC30007A4CD0 /* Frameworks */,
				B6D05146287EFC30007A4CD0 /* Resources */,
			);
			buildRules = (
			);
			dependencies = (
			);
			name = "WatchyGPS WatchKit Extension";
			productName = "WatchyGPS WatchKit Extension";
			productReference = B6D05148287EFC30007A4CD0 /* WatchyGPS WatchKit Extension.appex */;
			productType = "com.apple.product-type.watchkit2-extension";
		};
/* End PBXNativeTarget section */

/* Begin PBXProject section */
		B6D05127287EFC2D007A4CD0 /* Project object */ = {
			isa = PBXProject;
			attributes = {
				BuildIndependentTargetsInParallel = 1;
				LastSwiftUpdateCheck = 1340;
				LastUpgradeCheck = 1340;
				TargetAttributes = {
					B6D0512E287EFC2D007A4CD0 = {
						CreatedOnToolsVersion = 13.4.1;
					};
					B6D0513C287EFC2F007A4CD0 = {
						CreatedOnToolsVersion = 13.4.1;
					};
					B6D05147287EFC30007A4CD0 = {
						CreatedOnToolsVersion = 13.4.1;
					};
				};
			};
			buildConfigurationList = B6D0512A287EFC2D007A4CD0 /* Build configuration list for PBXProject "WatchyGPS" */;
			compatibilityVersion = "Xcode 13.0";
			developmentRegion = en;
			hasScannedForEncodings = 0;
			knownRegions = (
				en,
				Base,
			);
			mainGroup = B6D05126287EFC2D007A4CD0;
			productRefGroup = B6D05130287EFC2D007A4CD0 /* Products */;
			projectDirPath = "";
			projectRoot = "";
			targets = (
				B6D0512E287EFC2D007A4CD0 /* WatchyGPS */,
				B6D0513C287EFC2F007A4CD0 /* WatchyGPS WatchKit App */,
				B6D05147287EFC30007A4CD0 /* WatchyGPS WatchKit Extension */,
			);
		};
/* End PBXProject section */

/* Begin PBXResourcesBuildPhase section */
		B6D0512D287EFC2D007A4CD0 /* Resources */ = {
			isa = PBXResourcesBuildPhase;
			buildActionMask = 2147483647;
			files = (
				B65278902880E479000770C4 /* TestGeocachingData.json in Resources */,
				B6D0513A287EFC2F007A4CD0 /* Preview Assets.xcassets in Resources */,
				B65278992880F5D4000770C4 /* Assets.xcassets in Resources */,
				B6D05137287EFC2F007A4CD0 /* Assets.xcassets in Resources */,
			);
			runOnlyForDeploymentPostprocessing = 0;
		};
		B6D0513B287EFC2F007A4CD0 /* Resources */ = {
			isa = PBXResourcesBuildPhase;
			buildActionMask = 2147483647;
			files = (
				B6D05143287EFC2F007A4CD0 /* Assets.xcassets in Resources */,
			);
			runOnlyForDeploymentPostprocessing = 0;
		};
		B6D05146287EFC30007A4CD0 /* Resources */ = {
			isa = PBXResourcesBuildPhase;
			buildActionMask = 2147483647;
			files = (
				B65278912880E479000770C4 /* TestGeocachingData.json in Resources */,
				B6D0515B287EFC30007A4CD0 /* Preview Assets.xcassets in Resources */,
				B652789A2880F5D4000770C4 /* Assets.xcassets in Resources */,
				B6D05158287EFC30007A4CD0 /* Assets.xcassets in Resources */,
			);
			runOnlyForDeploymentPostprocessing = 0;
		};
/* End PBXResourcesBuildPhase section */

/* Begin PBXSourcesBuildPhase section */
		B6D0512B287EFC2D007A4CD0 /* Sources */ = {
			isa = PBXSourcesBuildPhase;
			buildActionMask = 2147483647;
			files = (
				31290EE22A49BDB600459913 /* TileCache.swift in Sources */,
				31290EE02A49BA5200459913 /* CompassView.swift in Sources */,
				B68DF0002886E79000C1EA12 /* Icons.swift in Sources */,
				B6D0516D287EFCC6007A4CD0 /* Utilities.swift in Sources */,
				B623225B28823B4100AFE1A3 /* GeocacheIcons.swift in Sources */,
				B65278962880F3B9000770C4 /* GeocacheView.swift in Sources */,
				B6D05135287EFC2D007A4CD0 /* ContentView.swift in Sources */,
				B69461F82893206E000B00B4 /* GeocacheMapView2.swift in Sources */,
				B652789C28818CFE000770C4 /* GeocacheListView.swift in Sources */,
				B672C4442891CB3500D762BD /* MapUtils.swift in Sources */,
				B65278A028818F46000770C4 /* SignInView.swift in Sources */,
				B62C778E2892CBE300739E16 /* MapView3.swift in Sources */,
				B6D05133287EFC2D007A4CD0 /* WatchyGPSApp.swift in Sources */,
				B623225E288434AB00AFE1A3 /* MainView.swift in Sources */,
				B68DF008288713EA00C1EA12 /* PreviewView.swift in Sources */,
				B6D05173287F1B00007A4CD0 /* LocationDelegate.swift in Sources */,
				B62983E62889EBC400007D3B /* LogView.swift in Sources */,
				B652788A2880DEFD000770C4 /* GeocachingCom.swift in Sources */,
				B643F5D72891E7BF005DABFD /* MapView.swift in Sources */,
				B65278932880E979000770C4 /* GeocachingJSON.swift in Sources */,
				B68DF003288712D500C1EA12 /* GeocacheDetailView.swift in Sources */,
				B68DEFFA2884395C00C1EA12 /* GeocacheMapView.swift in Sources */,
			);
			runOnlyForDeploymentPostprocessing = 0;
		};
		B6D05144287EFC30007A4CD0 /* Sources */ = {
			isa = PBXSourcesBuildPhase;
			buildActionMask = 2147483647;
			files = (
				B68DEFFE2884A07A00C1EA12 /* GeocacheDetailView.swift in Sources */,
				B6D05170287F056D007A4CD0 /* Utilities.swift in Sources */,
				B623225F288434AB00AFE1A3 /* MainView.swift in Sources */,
				B643F5D82891EA4A005DABFD /* MapView.swift in Sources */,
				B6D05171287F056F007A4CD0 /* CompassView.swift in Sources */,
				B65278972880F3B9000770C4 /* GeocacheView.swift in Sources */,
				B6D05152287EFC30007A4CD0 /* NotificationController.swift in Sources */,
				B6D05150287EFC30007A4CD0 /* ContentView.swift in Sources */,
				B68DF0062887138E00C1EA12 /* PreviewViewWatch.swift in Sources */,
				31290EE32A49BDB600459913 /* TileCache.swift in Sources */,
				B6D05156287EFC30007A4CD0 /* ComplicationController.swift in Sources */,
				B65278942880E979000770C4 /* GeocachingJSON.swift in Sources */,
				B68DEFFB2884395C00C1EA12 /* GeocacheMapView.swift in Sources */,
				B652789D28818CFE000770C4 /* GeocacheListView.swift in Sources */,
				B652788B2880DEFD000770C4 /* GeocachingCom.swift in Sources */,
				B62983E52889E29800007D3B /* LogView.swift in Sources */,
				B6D05174287F1B00007A4CD0 /* LocationDelegate.swift in Sources */,
				B672C4452891CB3500D762BD /* MapUtils.swift in Sources */,
				B6D0514E287EFC30007A4CD0 /* WatchyGPSApp.swift in Sources */,
				B68DF0012886E79000C1EA12 /* Icons.swift in Sources */,
				B6D05154287EFC30007A4CD0 /* NotificationView.swift in Sources */,
				B62C778F2892CBE300739E16 /* MapView3.swift in Sources */,
				B69461F92893206E000B00B4 /* GeocacheMapView2.swift in Sources */,
				B65278A128818F46000770C4 /* SignInView.swift in Sources */,
				B623225C28823B4100AFE1A3 /* GeocacheIcons.swift in Sources */,
			);
			runOnlyForDeploymentPostprocessing = 0;
		};
/* End PBXSourcesBuildPhase section */

/* Begin PBXTargetDependency section */
		B6D05140287EFC2F007A4CD0 /* PBXTargetDependency */ = {
			isa = PBXTargetDependency;
			target = B6D0513C287EFC2F007A4CD0 /* WatchyGPS WatchKit App */;
			targetProxy = B6D0513F287EFC2F007A4CD0 /* PBXContainerItemProxy */;
		};
		B6D0514B287EFC30007A4CD0 /* PBXTargetDependency */ = {
			isa = PBXTargetDependency;
			target = B6D05147287EFC30007A4CD0 /* WatchyGPS WatchKit Extension */;
			targetProxy = B6D0514A287EFC30007A4CD0 /* PBXContainerItemProxy */;
		};
/* End PBXTargetDependency section */

/* Begin XCBuildConfiguration section */
		B6D0515E287EFC30007A4CD0 /* Debug */ = {
			isa = XCBuildConfiguration;
			buildSettings = {
				ALWAYS_SEARCH_USER_PATHS = NO;
				CLANG_ANALYZER_NONNULL = YES;
				CLANG_ANALYZER_NUMBER_OBJECT_CONVERSION = YES_AGGRESSIVE;
				CLANG_CXX_LANGUAGE_STANDARD = "gnu++17";
				CLANG_ENABLE_MODULES = YES;
				CLANG_ENABLE_OBJC_ARC = YES;
				CLANG_ENABLE_OBJC_WEAK = YES;
				CLANG_WARN_BLOCK_CAPTURE_AUTORELEASING = YES;
				CLANG_WARN_BOOL_CONVERSION = YES;
				CLANG_WARN_COMMA = YES;
				CLANG_WARN_CONSTANT_CONVERSION = YES;
				CLANG_WARN_DEPRECATED_OBJC_IMPLEMENTATIONS = YES;
				CLANG_WARN_DIRECT_OBJC_ISA_USAGE = YES_ERROR;
				CLANG_WARN_DOCUMENTATION_COMMENTS = YES;
				CLANG_WARN_EMPTY_BODY = YES;
				CLANG_WARN_ENUM_CONVERSION = YES;
				CLANG_WARN_INFINITE_RECURSION = YES;
				CLANG_WARN_INT_CONVERSION = YES;
				CLANG_WARN_NON_LITERAL_NULL_CONVERSION = YES;
				CLANG_WARN_OBJC_IMPLICIT_RETAIN_SELF = YES;
				CLANG_WARN_OBJC_LITERAL_CONVERSION = YES;
				CLANG_WARN_OBJC_ROOT_CLASS = YES_ERROR;
				CLANG_WARN_QUOTED_INCLUDE_IN_FRAMEWORK_HEADER = YES;
				CLANG_WARN_RANGE_LOOP_ANALYSIS = YES;
				CLANG_WARN_STRICT_PROTOTYPES = YES;
				CLANG_WARN_SUSPICIOUS_MOVE = YES;
				CLANG_WARN_UNGUARDED_AVAILABILITY = YES_AGGRESSIVE;
				CLANG_WARN_UNREACHABLE_CODE = YES;
				CLANG_WARN__DUPLICATE_METHOD_MATCH = YES;
				COPY_PHASE_STRIP = NO;
				DEBUG_INFORMATION_FORMAT = dwarf;
				ENABLE_STRICT_OBJC_MSGSEND = YES;
				ENABLE_TESTABILITY = YES;
				GCC_C_LANGUAGE_STANDARD = gnu11;
				GCC_DYNAMIC_NO_PIC = NO;
				GCC_NO_COMMON_BLOCKS = YES;
				GCC_OPTIMIZATION_LEVEL = 0;
				GCC_PREPROCESSOR_DEFINITIONS = (
					"DEBUG=1",
					"$(inherited)",
				);
				GCC_WARN_64_TO_32_BIT_CONVERSION = YES;
				GCC_WARN_ABOUT_RETURN_TYPE = YES_ERROR;
				GCC_WARN_UNDECLARED_SELECTOR = YES;
				GCC_WARN_UNINITIALIZED_AUTOS = YES_AGGRESSIVE;
				GCC_WARN_UNUSED_FUNCTION = YES;
				GCC_WARN_UNUSED_VARIABLE = YES;
				GENERATE_INFOPLIST_FILE = NO;
				INFOPLIST_FILE = "";
				IPHONEOS_DEPLOYMENT_TARGET = 14.0;
				MTL_ENABLE_DEBUG_INFO = INCLUDE_SOURCE;
				MTL_FAST_MATH = YES;
				ONLY_ACTIVE_ARCH = YES;
				SWIFT_ACTIVE_COMPILATION_CONDITIONS = DEBUG;
				SWIFT_OPTIMIZATION_LEVEL = "-Onone";
				WATCHOS_DEPLOYMENT_TARGET = 7.0;
			};
			name = Debug;
		};
		B6D0515F287EFC30007A4CD0 /* Release */ = {
			isa = XCBuildConfiguration;
			buildSettings = {
				ALWAYS_SEARCH_USER_PATHS = NO;
				CLANG_ANALYZER_NONNULL = YES;
				CLANG_ANALYZER_NUMBER_OBJECT_CONVERSION = YES_AGGRESSIVE;
				CLANG_CXX_LANGUAGE_STANDARD = "gnu++17";
				CLANG_ENABLE_MODULES = YES;
				CLANG_ENABLE_OBJC_ARC = YES;
				CLANG_ENABLE_OBJC_WEAK = YES;
				CLANG_WARN_BLOCK_CAPTURE_AUTORELEASING = YES;
				CLANG_WARN_BOOL_CONVERSION = YES;
				CLANG_WARN_COMMA = YES;
				CLANG_WARN_CONSTANT_CONVERSION = YES;
				CLANG_WARN_DEPRECATED_OBJC_IMPLEMENTATIONS = YES;
				CLANG_WARN_DIRECT_OBJC_ISA_USAGE = YES_ERROR;
				CLANG_WARN_DOCUMENTATION_COMMENTS = YES;
				CLANG_WARN_EMPTY_BODY = YES;
				CLANG_WARN_ENUM_CONVERSION = YES;
				CLANG_WARN_INFINITE_RECURSION = YES;
				CLANG_WARN_INT_CONVERSION = YES;
				CLANG_WARN_NON_LITERAL_NULL_CONVERSION = YES;
				CLANG_WARN_OBJC_IMPLICIT_RETAIN_SELF = YES;
				CLANG_WARN_OBJC_LITERAL_CONVERSION = YES;
				CLANG_WARN_OBJC_ROOT_CLASS = YES_ERROR;
				CLANG_WARN_QUOTED_INCLUDE_IN_FRAMEWORK_HEADER = YES;
				CLANG_WARN_RANGE_LOOP_ANALYSIS = YES;
				CLANG_WARN_STRICT_PROTOTYPES = YES;
				CLANG_WARN_SUSPICIOUS_MOVE = YES;
				CLANG_WARN_UNGUARDED_AVAILABILITY = YES_AGGRESSIVE;
				CLANG_WARN_UNREACHABLE_CODE = YES;
				CLANG_WARN__DUPLICATE_METHOD_MATCH = YES;
				COPY_PHASE_STRIP = NO;
				DEBUG_INFORMATION_FORMAT = "dwarf-with-dsym";
				ENABLE_NS_ASSERTIONS = NO;
				ENABLE_STRICT_OBJC_MSGSEND = YES;
				GCC_C_LANGUAGE_STANDARD = gnu11;
				GCC_NO_COMMON_BLOCKS = YES;
				GCC_WARN_64_TO_32_BIT_CONVERSION = YES;
				GCC_WARN_ABOUT_RETURN_TYPE = YES_ERROR;
				GCC_WARN_UNDECLARED_SELECTOR = YES;
				GCC_WARN_UNINITIALIZED_AUTOS = YES_AGGRESSIVE;
				GCC_WARN_UNUSED_FUNCTION = YES;
				GCC_WARN_UNUSED_VARIABLE = YES;
				GENERATE_INFOPLIST_FILE = NO;
				INFOPLIST_FILE = "";
				IPHONEOS_DEPLOYMENT_TARGET = 14.0;
				MTL_ENABLE_DEBUG_INFO = NO;
				MTL_FAST_MATH = YES;
				SWIFT_COMPILATION_MODE = wholemodule;
				SWIFT_OPTIMIZATION_LEVEL = "-O";
				WATCHOS_DEPLOYMENT_TARGET = 7.0;
			};
			name = Release;
		};
		B6D05161287EFC30007A4CD0 /* Debug */ = {
			isa = XCBuildConfiguration;
			buildSettings = {
				ASSETCATALOG_COMPILER_COMPLICATION_NAME = Complication;
				CODE_SIGN_STYLE = Automatic;
				CURRENT_PROJECT_VERSION = 1;
				DEVELOPMENT_ASSET_PATHS = "\"WatchyGPS WatchKit Extension/Preview Content\"";
				DEVELOPMENT_TEAM = Y96CR5Y4Q5;
				ENABLE_PREVIEWS = YES;
				GENERATE_INFOPLIST_FILE = YES;
				INFOPLIST_FILE = "WatchyGPS WatchKit Extension/Info.plist";
				INFOPLIST_KEY_CFBundleDisplayName = "WatchyGPS WatchKit Extension";
				INFOPLIST_KEY_CLKComplicationPrincipalClass = "$(PRODUCT_MODULE_NAME).ComplicationController";
				INFOPLIST_KEY_NSHumanReadableCopyright = "";
				INFOPLIST_KEY_WKRunsIndependentlyOfCompanionApp = YES;
				LD_RUNPATH_SEARCH_PATHS = (
					"$(inherited)",
					"@executable_path/Frameworks",
					"@executable_path/../../Frameworks",
				);
				MARKETING_VERSION = 1.0;
				PRODUCT_BUNDLE_IDENTIFIER = com.benbean.WatchyGPS.watchkitapp.watchkitextension;
				PRODUCT_NAME = "${TARGET_NAME}";
				SDKROOT = watchos;
				SKIP_INSTALL = YES;
				SWIFT_EMIT_LOC_STRINGS = YES;
				SWIFT_VERSION = 5.0;
				TARGETED_DEVICE_FAMILY = 4;
				WATCHOS_DEPLOYMENT_TARGET = 7.0;
			};
			name = Debug;
		};
		B6D05162287EFC30007A4CD0 /* Release */ = {
			isa = XCBuildConfiguration;
			buildSettings = {
				ASSETCATALOG_COMPILER_COMPLICATION_NAME = Complication;
				CODE_SIGN_STYLE = Automatic;
				CURRENT_PROJECT_VERSION = 1;
				DEVELOPMENT_ASSET_PATHS = "\"WatchyGPS WatchKit Extension/Preview Content\"";
				DEVELOPMENT_TEAM = Y96CR5Y4Q5;
				ENABLE_PREVIEWS = YES;
				GENERATE_INFOPLIST_FILE = YES;
				INFOPLIST_FILE = "WatchyGPS WatchKit Extension/Info.plist";
				INFOPLIST_KEY_CFBundleDisplayName = "WatchyGPS WatchKit Extension";
				INFOPLIST_KEY_CLKComplicationPrincipalClass = "$(PRODUCT_MODULE_NAME).ComplicationController";
				INFOPLIST_KEY_NSHumanReadableCopyright = "";
				INFOPLIST_KEY_WKRunsIndependentlyOfCompanionApp = YES;
				LD_RUNPATH_SEARCH_PATHS = (
					"$(inherited)",
					"@executable_path/Frameworks",
					"@executable_path/../../Frameworks",
				);
				MARKETING_VERSION = 1.0;
				PRODUCT_BUNDLE_IDENTIFIER = com.benbean.WatchyGPS.watchkitapp.watchkitextension;
				PRODUCT_NAME = "${TARGET_NAME}";
				SDKROOT = watchos;
				SKIP_INSTALL = YES;
				SWIFT_EMIT_LOC_STRINGS = YES;
				SWIFT_VERSION = 5.0;
				TARGETED_DEVICE_FAMILY = 4;
				VALIDATE_PRODUCT = YES;
				WATCHOS_DEPLOYMENT_TARGET = 7.0;
			};
			name = Release;
		};
		B6D05165287EFC30007A4CD0 /* Debug */ = {
			isa = XCBuildConfiguration;
			buildSettings = {
				ALWAYS_EMBED_SWIFT_STANDARD_LIBRARIES = YES;
				ASSETCATALOG_COMPILER_APPICON_NAME = AppIcon;
				ASSETCATALOG_COMPILER_GLOBAL_ACCENT_COLOR_NAME = AccentColor;
				CODE_SIGN_STYLE = Automatic;
				CURRENT_PROJECT_VERSION = 1;
				DEVELOPMENT_TEAM = Y96CR5Y4Q5;
				GENERATE_INFOPLIST_FILE = YES;
				IBSC_MODULE = WatchyGPS_WatchKit_Extension;
				INFOPLIST_FILE = WatchyGPS/Info.plist;
				INFOPLIST_KEY_CFBundleDisplayName = "WatchyGPS WatchKit App";
				INFOPLIST_KEY_UISupportedInterfaceOrientations = "UIInterfaceOrientationPortrait UIInterfaceOrientationPortraitUpsideDown";
				INFOPLIST_KEY_WKCompanionAppBundleIdentifier = com.benbean.WatchyGPS;
				MARKETING_VERSION = 1.0;
				PRODUCT_BUNDLE_IDENTIFIER = com.benbean.WatchyGPS.watchkitapp;
				PRODUCT_NAME = "$(TARGET_NAME)";
				SDKROOT = watchos;
				SKIP_INSTALL = YES;
				SWIFT_EMIT_LOC_STRINGS = YES;
				SWIFT_VERSION = 5.0;
				TARGETED_DEVICE_FAMILY = 4;
				WATCHOS_DEPLOYMENT_TARGET = 7.0;
			};
			name = Debug;
		};
		B6D05166287EFC30007A4CD0 /* Release */ = {
			isa = XCBuildConfiguration;
			buildSettings = {
				ALWAYS_EMBED_SWIFT_STANDARD_LIBRARIES = YES;
				ASSETCATALOG_COMPILER_APPICON_NAME = AppIcon;
				ASSETCATALOG_COMPILER_GLOBAL_ACCENT_COLOR_NAME = AccentColor;
				CODE_SIGN_STYLE = Automatic;
				CURRENT_PROJECT_VERSION = 1;
				DEVELOPMENT_TEAM = Y96CR5Y4Q5;
				GENERATE_INFOPLIST_FILE = YES;
				IBSC_MODULE = WatchyGPS_WatchKit_Extension;
				INFOPLIST_FILE = WatchyGPS/Info.plist;
				INFOPLIST_KEY_CFBundleDisplayName = "WatchyGPS WatchKit App";
				INFOPLIST_KEY_UISupportedInterfaceOrientations = "UIInterfaceOrientationPortrait UIInterfaceOrientationPortraitUpsideDown";
				INFOPLIST_KEY_WKCompanionAppBundleIdentifier = com.benbean.WatchyGPS;
				MARKETING_VERSION = 1.0;
				PRODUCT_BUNDLE_IDENTIFIER = com.benbean.WatchyGPS.watchkitapp;
				PRODUCT_NAME = "$(TARGET_NAME)";
				SDKROOT = watchos;
				SKIP_INSTALL = YES;
				SWIFT_EMIT_LOC_STRINGS = YES;
				SWIFT_VERSION = 5.0;
				TARGETED_DEVICE_FAMILY = 4;
				VALIDATE_PRODUCT = YES;
				WATCHOS_DEPLOYMENT_TARGET = 7.0;
			};
			name = Release;
		};
		B6D05169287EFC30007A4CD0 /* Debug */ = {
			isa = XCBuildConfiguration;
			buildSettings = {
				ASSETCATALOG_COMPILER_APPICON_NAME = AppIcon;
				ASSETCATALOG_COMPILER_GLOBAL_ACCENT_COLOR_NAME = AccentColor;
				CODE_SIGN_STYLE = Automatic;
				CURRENT_PROJECT_VERSION = 1;
				DEVELOPMENT_ASSET_PATHS = "\"WatchyGPS/Preview Content\"";
				DEVELOPMENT_TEAM = Y96CR5Y4Q5;
				DONT_GENERATE_INFOPLIST_FILE = NO;
				ENABLE_PREVIEWS = YES;
				GENERATE_INFOPLIST_FILE = YES;
				GENERATE_PKGINFO_FILE = YES;
				INFOPLIST_FILE = WatchyGPS/Info.plist;
				INFOPLIST_KEY_NSLocationWhenInUseUsageDescription = GPS;
				INFOPLIST_KEY_UIApplicationSceneManifest_Generation = YES;
				INFOPLIST_KEY_UIApplicationSupportsIndirectInputEvents = YES;
				INFOPLIST_KEY_UILaunchScreen_Generation = YES;
				INFOPLIST_KEY_UISupportedInterfaceOrientations_iPad = "UIInterfaceOrientationPortrait UIInterfaceOrientationPortraitUpsideDown UIInterfaceOrientationLandscapeLeft UIInterfaceOrientationLandscapeRight";
				INFOPLIST_KEY_UISupportedInterfaceOrientations_iPhone = "UIInterfaceOrientationPortrait UIInterfaceOrientationLandscapeLeft UIInterfaceOrientationLandscapeRight";
				IPHONEOS_DEPLOYMENT_TARGET = 14.0;
				LD_RUNPATH_SEARCH_PATHS = (
					"$(inherited)",
					"@executable_path/Frameworks",
				);
				LIBRARY_SEARCH_PATHS = (
					"$(inherited)",
					"$(SDKROOT)/usr/lib/swift",
				);
				MARKETING_VERSION = 1.0;
				PRODUCT_BUNDLE_IDENTIFIER = com.benbean.WatchyGPS;
				PRODUCT_NAME = "$(TARGET_NAME)";
				SDKROOT = iphoneos;
				SWIFT_EMIT_LOC_STRINGS = YES;
				SWIFT_VERSION = 5.0;
				TARGETED_DEVICE_FAMILY = "1,2";
			};
			name = Debug;
		};
		B6D0516A287EFC30007A4CD0 /* Release */ = {
			isa = XCBuildConfiguration;
			buildSettings = {
				ASSETCATALOG_COMPILER_APPICON_NAME = AppIcon;
				ASSETCATALOG_COMPILER_GLOBAL_ACCENT_COLOR_NAME = AccentColor;
				CODE_SIGN_STYLE = Automatic;
				CURRENT_PROJECT_VERSION = 1;
				DEVELOPMENT_ASSET_PATHS = "\"WatchyGPS/Preview Content\"";
				DEVELOPMENT_TEAM = Y96CR5Y4Q5;
				DONT_GENERATE_INFOPLIST_FILE = NO;
				ENABLE_PREVIEWS = YES;
				GENERATE_INFOPLIST_FILE = YES;
				GENERATE_PKGINFO_FILE = YES;
				INFOPLIST_FILE = WatchyGPS/Info.plist;
				INFOPLIST_KEY_NSLocationWhenInUseUsageDescription = GPS;
				INFOPLIST_KEY_UIApplicationSceneManifest_Generation = YES;
				INFOPLIST_KEY_UIApplicationSupportsIndirectInputEvents = YES;
				INFOPLIST_KEY_UILaunchScreen_Generation = YES;
				INFOPLIST_KEY_UISupportedInterfaceOrientations_iPad = "UIInterfaceOrientationPortrait UIInterfaceOrientationPortraitUpsideDown UIInterfaceOrientationLandscapeLeft UIInterfaceOrientationLandscapeRight";
				INFOPLIST_KEY_UISupportedInterfaceOrientations_iPhone = "UIInterfaceOrientationPortrait UIInterfaceOrientationLandscapeLeft UIInterfaceOrientationLandscapeRight";
				IPHONEOS_DEPLOYMENT_TARGET = 14.0;
				LD_RUNPATH_SEARCH_PATHS = (
					"$(inherited)",
					"@executable_path/Frameworks",
				);
				LIBRARY_SEARCH_PATHS = (
					"$(inherited)",
					"$(SDKROOT)/usr/lib/swift",
				);
				MARKETING_VERSION = 1.0;
				PRODUCT_BUNDLE_IDENTIFIER = com.benbean.WatchyGPS;
				PRODUCT_NAME = "$(TARGET_NAME)";
				SDKROOT = iphoneos;
				SWIFT_EMIT_LOC_STRINGS = YES;
				SWIFT_VERSION = 5.0;
				TARGETED_DEVICE_FAMILY = "1,2";
				VALIDATE_PRODUCT = YES;
			};
			name = Release;
		};
/* End XCBuildConfiguration section */

/* Begin XCConfigurationList section */
		B6D0512A287EFC2D007A4CD0 /* Build configuration list for PBXProject "WatchyGPS" */ = {
			isa = XCConfigurationList;
			buildConfigurations = (
				B6D0515E287EFC30007A4CD0 /* Debug */,
				B6D0515F287EFC30007A4CD0 /* Release */,
			);
			defaultConfigurationIsVisible = 0;
			defaultConfigurationName = Release;
		};
		B6D05160287EFC30007A4CD0 /* Build configuration list for PBXNativeTarget "WatchyGPS WatchKit Extension" */ = {
			isa = XCConfigurationList;
			buildConfigurations = (
				B6D05161287EFC30007A4CD0 /* Debug */,
				B6D05162287EFC30007A4CD0 /* Release */,
			);
			defaultConfigurationIsVisible = 0;
			defaultConfigurationName = Release;
		};
		B6D05164287EFC30007A4CD0 /* Build configuration list for PBXNativeTarget "WatchyGPS WatchKit App" */ = {
			isa = XCConfigurationList;
			buildConfigurations = (
				B6D05165287EFC30007A4CD0 /* Debug */,
				B6D05166287EFC30007A4CD0 /* Release */,
			);
			defaultConfigurationIsVisible = 0;
			defaultConfigurationName = Release;
		};
		B6D05168287EFC30007A4CD0 /* Build configuration list for PBXNativeTarget "WatchyGPS" */ = {
			isa = XCConfigurationList;
			buildConfigurations = (
				B6D05169287EFC30007A4CD0 /* Debug */,
				B6D0516A287EFC30007A4CD0 /* Release */,
			);
			defaultConfigurationIsVisible = 0;
			defaultConfigurationName = Release;
		};
/* End XCConfigurationList section */
	};
	rootObject = B6D05127287EFC2D007A4CD0 /* Project object */;
}
